
Microsoft Visual Studio Solution File, Format Version 12.00
# Visual Studio Version 16
VisualStudioVersion = 16.0.29709.97
MinimumVisualStudioVersion = 10.0.40219.1
Project("{FAE04EC0-301F-11D3-BF4B-00C04F79EFBC}") = "AuthSystem", "AuthSystem\AuthSystem.csproj", "{5378FAF4-AB09-4600-A10F-C0069E0A2A6E}"
EndProject
Global
	GlobalSection(SolutionConfigurationPlatforms) = preSolution
		Debug|Any CPU = Debug|Any CPU
		Release|Any CPU = Release|Any CPU
	EndGlobalSection
	GlobalSection(ProjectConfigurationPlatforms) = postSolution
		{5378FAF4-AB09-4600-A10F-C0069E0A2A6E}.Debug|Any CPU.ActiveCfg = Debug|Any CPU
		{5378FAF4-AB09-4600-A10F-C0069E0A2A6E}.Debug|Any CPU.Build.0 = Debug|Any CPU
		{5378FAF4-AB09-4600-A10F-C0069E0A2A6E}.Release|Any CPU.ActiveCfg = Release|Any CPU
		{5378FAF4-AB09-4600-A10F-C0069E0A2A6E}.Release|Any CPU.Build.0 = Release|Any CPU
	EndGlobalSection
	GlobalSection(SolutionProperties) = preSolution
		HideSolutionNode = FALSE
	EndGlobalSection
	GlobalSection(ExtensibilityGlobals) = postSolution
		SolutionGuid = {5B20CC46-F2B2-4EDA-B1CC-AAA1302FE2C0}
	EndGlobalSection
EndGlobal
